dependencies:
- name: postgresql
  repository: https://charts.bitnami.com/bitnami
  version: 18.1.10
- name: redis
  repository: https://charts.bitnami.com/bitnami
  version: 23.2.12
digest: sha256:cc98fab50c84dc7a5a731ec06cc9e2cec2a5f7904589d2dbfc1ba2a725959f10
generated: "2025-11-17T12:51:12.596513856Z"
