dependencies:
- name: postgresql
  repository: https://charts.bitnami.com/bitnami
  version: 16.7.27
- name: redis
  repository: https://charts.bitnami.com/bitnami
  version: 19.6.4
digest: sha256:3324ab6ff4e8d52a62a8ea306090759fce71cfd5a25ffc84e97ae0e4420b6a8f
generated: "2025-09-12T00:52:47.332724977Z"
