dependencies:
- name: postgresql
  repository: https://charts.bitnami.com/bitnami
  version: 15.5.38
- name: redis
  repository: https://charts.bitnami.com/bitnami
  version: 19.0.2
digest: sha256:b537417c973171f0a73f1d314fde8a1ad7dcc1fb6bd42fe3abaa8bd7cbd94fab
generated: "2025-09-10T12:50:39.150626917Z"
